# This file is automatically @generated by Cargo.
# It is not intended for manual editing.
version = 4

[[package]]
name = "libmqttmtd"
version = "2.0.0"

[[package]]
name = "mqttinterface"
version = "2.0.0"

[[package]]
name = "mqttmtd-authserver"
version = "2.0.0"
dependencies = [
 "libmqttmtd",
]

[[package]]
name = "tokenmgr"
version = "2.0.0"
